
Microsoft Visual Studio Solution File, Format Version 12.00
# Visual Studio Version 16
VisualStudioVersion = 16.0.31729.503
MinimumVisualStudioVersion = 10.0.40219.1
Project("{FAE04EC0-301F-11D3-BF4B-00C04F79EFBC}") = "HaritaTakip", "HaritaTakip.csproj", "{A2AC44B3-EF97-459D-B739-D1CDCEA12C43}"
EndProject
Global
	GlobalSection(SolutionConfigurationPlatforms) = preSolution
		Debug|Any CPU = Debug|Any CPU
		Release|Any CPU = Release|Any CPU
	EndGlobalSection
	GlobalSection(ProjectConfigurationPlatforms) = postSolution
		{A2AC44B3-EF97-459D-B739-D1CDCEA12C43}.Debug|Any CPU.ActiveCfg = Debug|Any CPU
		{A2AC44B3-EF97-459D-B739-D1CDCEA12C43}.Debug|Any CPU.Build.0 = Debug|Any CPU
		{A2AC44B3-EF97-459D-B739-D1CDCEA12C43}.Release|Any CPU.ActiveCfg = Release|Any CPU
		{A2AC44B3-EF97-459D-B739-D1CDCEA12C43}.Release|Any CPU.Build.0 = Release|Any CPU
	EndGlobalSection
	GlobalSection(SolutionProperties) = preSolution
		HideSolutionNode = FALSE
	EndGlobalSection
	GlobalSection(ExtensibilityGlobals) = postSolution
		SolutionGuid = {7049FFC0-D48B-4F97-984A-8B5169875B65}
	EndGlobalSection
EndGlobal
