
Microsoft Visual Studio Solution File, Format Version 12.00
# Visual Studio Version 16
VisualStudioVersion = 16.0.32228.343
MinimumVisualStudioVersion = 10.0.40219.1
Project("{FAE04EC0-301F-11D3-BF4B-00C04F79EFBC}") = "Cozumler", "Cozumler.csproj", "{60753C8C-9E39-46B6-ACD1-717B487DF2B5}"
EndProject
Project("{2150E333-8FDC-42A3-9474-1A3956D46DE8}") = "Solution Items", "Solution Items", "{31148F51-0BE0-4BEA-B596-DFAE315D7398}"
EndProject
Global
	GlobalSection(SolutionConfigurationPlatforms) = preSolution
		Debug|Any CPU = Debug|Any CPU
		Debug|x86 = Debug|x86
		Release|Any CPU = Release|Any CPU
		Release|x86 = Release|x86
	EndGlobalSection
	GlobalSection(ProjectConfigurationPlatforms) = postSolution
		{60753C8C-9E39-46B6-ACD1-717B487DF2B5}.Debug|Any CPU.ActiveCfg = Debug|Any CPU
		{60753C8C-9E39-46B6-ACD1-717B487DF2B5}.Debug|Any CPU.Build.0 = Debug|Any CPU
		{60753C8C-9E39-46B6-ACD1-717B487DF2B5}.Debug|x86.ActiveCfg = Debug|x86
		{60753C8C-9E39-46B6-ACD1-717B487DF2B5}.Debug|x86.Build.0 = Debug|x86
		{60753C8C-9E39-46B6-ACD1-717B487DF2B5}.Release|Any CPU.ActiveCfg = Release|Any CPU
		{60753C8C-9E39-46B6-ACD1-717B487DF2B5}.Release|Any CPU.Build.0 = Release|Any CPU
		{60753C8C-9E39-46B6-ACD1-717B487DF2B5}.Release|x86.ActiveCfg = Release|x86
		{60753C8C-9E39-46B6-ACD1-717B487DF2B5}.Release|x86.Build.0 = Release|x86
	EndGlobalSection
	GlobalSection(SolutionProperties) = preSolution
		HideSolutionNode = FALSE
	EndGlobalSection
	GlobalSection(ExtensibilityGlobals) = postSolution
		SolutionGuid = {D6373509-3226-4AEB-ADE0-A5CEA4841453}
	EndGlobalSection
EndGlobal
